
Microsoft Visual Studio Solution File, Format Version 12.00
# Visual Studio Version 16
VisualStudioVersion = 16.0.31005.135
MinimumVisualStudioVersion = 10.0.40219.1
Project("{9A19103F-16F7-4668-BE54-9A1E7A4F7556}") = "Object-Oriented-Programming", "Object-Oriented-Programming\Object-Oriented-Programming.csproj", "{DB22A335-ECA3-4792-BDEF-65B4AF121349}"
EndProject
Project("{9A19103F-16F7-4668-BE54-9A1E7A4F7556}") = "Simple-factory-pattern", "Simple-factory-pattern\Simple-factory-pattern.csproj", "{E2BC9041-BD60-47E4-A0A2-0DEAB5C88CB6}"
EndProject
Project("{FAE04EC0-301F-11D3-BF4B-00C04F79EFBC}") = "Strategy-pattern", "Strategy-pattern\Strategy-pattern.csproj", "{8DA58844-8045-4C80-837A-204881F9BB3B}"
EndProject
Project("{FAE04EC0-301F-11D3-BF4B-00C04F79EFBC}") = "Decorator-pattern", "Decorator-pattern\Decorator-pattern.csproj", "{86078BE6-0E12-490D-9F63-C0824C2C7BA5}"
EndProject
Global
	GlobalSection(SolutionConfigurationPlatforms) = preSolution
		Debug|Any CPU = Debug|Any CPU
		Release|Any CPU = Release|Any CPU
	EndGlobalSection
	GlobalSection(ProjectConfigurationPlatforms) = postSolution
		{DB22A335-ECA3-4792-BDEF-65B4AF121349}.Debug|Any CPU.ActiveCfg = Debug|Any CPU
		{DB22A335-ECA3-4792-BDEF-65B4AF121349}.Debug|Any CPU.Build.0 = Debug|Any CPU
		{DB22A335-ECA3-4792-BDEF-65B4AF121349}.Release|Any CPU.ActiveCfg = Release|Any CPU
		{DB22A335-ECA3-4792-BDEF-65B4AF121349}.Release|Any CPU.Build.0 = Release|Any CPU
		{E2BC9041-BD60-47E4-A0A2-0DEAB5C88CB6}.Debug|Any CPU.ActiveCfg = Debug|Any CPU
		{E2BC9041-BD60-47E4-A0A2-0DEAB5C88CB6}.Debug|Any CPU.Build.0 = Debug|Any CPU
		{E2BC9041-BD60-47E4-A0A2-0DEAB5C88CB6}.Release|Any CPU.ActiveCfg = Release|Any CPU
		{E2BC9041-BD60-47E4-A0A2-0DEAB5C88CB6}.Release|Any CPU.Build.0 = Release|Any CPU
		{8DA58844-8045-4C80-837A-204881F9BB3B}.Debug|Any CPU.ActiveCfg = Debug|Any CPU
		{8DA58844-8045-4C80-837A-204881F9BB3B}.Debug|Any CPU.Build.0 = Debug|Any CPU
		{8DA58844-8045-4C80-837A-204881F9BB3B}.Release|Any CPU.ActiveCfg = Release|Any CPU
		{8DA58844-8045-4C80-837A-204881F9BB3B}.Release|Any CPU.Build.0 = Release|Any CPU
		{86078BE6-0E12-490D-9F63-C0824C2C7BA5}.Debug|Any CPU.ActiveCfg = Debug|Any CPU
		{86078BE6-0E12-490D-9F63-C0824C2C7BA5}.Debug|Any CPU.Build.0 = Debug|Any CPU
		{86078BE6-0E12-490D-9F63-C0824C2C7BA5}.Release|Any CPU.ActiveCfg = Release|Any CPU
		{86078BE6-0E12-490D-9F63-C0824C2C7BA5}.Release|Any CPU.Build.0 = Release|Any CPU
	EndGlobalSection
	GlobalSection(SolutionProperties) = preSolution
		HideSolutionNode = FALSE
	EndGlobalSection
	GlobalSection(ExtensibilityGlobals) = postSolution
		SolutionGuid = {688D7672-A2A7-4886-987C-2606132033F7}
	EndGlobalSection
EndGlobal
